
Microsoft Visual Studio Solution File, Format Version 11.00
# Visual Studio 2010
Project("{FAE04EC0-301F-11D3-BF4B-00C04F79EFBC}") = "SolSystem", "Assembly-CSharp.csproj", "{2A4AE87C-4A78-A6D4-929E-85BF4EDEDA2A}"
EndProject
Global
	GlobalSection(SolutionConfigurationPlatforms) = preSolution
		Debug|Any CPU = Debug|Any CPU
		Release|Any CPU = Release|Any CPU
	EndGlobalSection
	GlobalSection(ProjectConfigurationPlatforms) = postSolution
		{2A4AE87C-4A78-A6D4-929E-85BF4EDEDA2A}.Debug|Any CPU.ActiveCfg = Debug|Any CPU
		{2A4AE87C-4A78-A6D4-929E-85BF4EDEDA2A}.Debug|Any CPU.Build.0 = Debug|Any CPU
		{2A4AE87C-4A78-A6D4-929E-85BF4EDEDA2A}.Release|Any CPU.ActiveCfg = Release|Any CPU
		{2A4AE87C-4A78-A6D4-929E-85BF4EDEDA2A}.Release|Any CPU.Build.0 = Release|Any CPU
	EndGlobalSection
	GlobalSection(SolutionProperties) = preSolution
		HideSolutionNode = FALSE
	EndGlobalSection
	GlobalSection(MonoDevelopProperties) = preSolution
		StartupItem = Assembly-CSharp.csproj
	EndGlobalSection
EndGlobal
